
Microsoft Visual Studio Solution File, Format Version 12.00
# Visual Studio 15
VisualStudioVersion = 15.0.28010.2003
MinimumVisualStudioVersion = 10.0.40219.1
Project("{FAE04EC0-301F-11D3-BF4B-00C04F79EFBC}") = "BillDesk", "BillDesk\BillDesk.csproj", "{C92391B8-5DC6-45C3-B88F-9FFEF680B782}"
EndProject
Global
	GlobalSection(SolutionConfigurationPlatforms) = preSolution
		Debug|Any CPU = Debug|Any CPU
		Release|Any CPU = Release|Any CPU
	EndGlobalSection
	GlobalSection(ProjectConfigurationPlatforms) = postSolution
		{C92391B8-5DC6-45C3-B88F-9FFEF680B782}.Debug|Any CPU.ActiveCfg = Debug|Any CPU
		{C92391B8-5DC6-45C3-B88F-9FFEF680B782}.Debug|Any CPU.Build.0 = Debug|Any CPU
		{C92391B8-5DC6-45C3-B88F-9FFEF680B782}.Release|Any CPU.ActiveCfg = Release|Any CPU
		{C92391B8-5DC6-45C3-B88F-9FFEF680B782}.Release|Any CPU.Build.0 = Release|Any CPU
	EndGlobalSection
	GlobalSection(SolutionProperties) = preSolution
		HideSolutionNode = FALSE
	EndGlobalSection
	GlobalSection(ExtensibilityGlobals) = postSolution
		SolutionGuid = {4796B5EB-7303-4A73-ABFE-93C4B2F86CE1}
	EndGlobalSection
EndGlobal
